# Generated by pub
# See https://dart.dev/tools/pub/glossary#lockfile
packages:
  flutter_lints:
    dependency: "direct dev"
    description:
      name: flutter_lints
      url: "https://pub.dartlang.org"
    source: hosted
    version: "2.0.1"
  lint:
    dependency: "direct dev"
    description:
      name: lint
      url: "https://pub.dartlang.org"
    source: hosted
    version: "2.0.1"
  lints:
    dependency: transitive
    description:
      name: lints
      url: "https://pub.dartlang.org"
    source: hosted
    version: "2.0.1"
sdks:
  dart: ">=2.18.0 <3.0.0"
