PODS:
  - Flutter (1.0.0)
  - flutter_web_auth_2 (3.0.0):
    - Flutter

DEPENDENCIES:
  - Flutter (from `Flutter`)
  - flutter_web_auth_2 (from `.symlinks/plugins/flutter_web_auth_2/ios`)

EXTERNAL SOURCES:
  Flutter:
    :path: Flutter
  flutter_web_auth_2:
    :path: ".symlinks/plugins/flutter_web_auth_2/ios"

SPEC CHECKSUMS:
  Flutter: cabc95a1d2626b1b06e7179b784ebcf0c0cde467
  flutter_web_auth_2: 5c8d9dcd7848b5a9efb086d24e7a9adcae979c80

PODFILE CHECKSUM: 7f07ebef3a0a0adf5e89297b9e35e16dccabab6a

COCOAPODS: 1.16.2
